
Microsoft Visual Studio Solution File, Format Version 12.00
# Visual Studio Version 17
VisualStudioVersion = 17.1.32319.34
MinimumVisualStudioVersion = 10.0.40219.1
Project("{9A19103F-16F7-4668-BE54-9A1E7A4F7556}") = "Entwicklerheld", "Entwicklerheld.csproj", "{7A201532-C875-42F9-9BF5-B49ED1C4812A}"
EndProject
Project("{9A19103F-16F7-4668-BE54-9A1E7A4F7556}") = "ClimbingStairsImplementation", "..\ClimbingStairsImplementation\ClimbingStairsImplementation.csproj", "{47431EBD-1BC8-446A-8811-FCF83680B090}"
EndProject
Project("{FAE04EC0-301F-11D3-BF4B-00C04F79EFBC}") = "Anagram", "..\Anagram\Anagram.csproj", "{252FCF11-DC00-4289-8F0C-5968E76F1961}"
EndProject
Project("{FAE04EC0-301F-11D3-BF4B-00C04F79EFBC}") = "Christmas Boxes", "..\Christmas Boxes\Christmas Boxes.csproj", "{6F5A9CA0-8466-4058-AE62-D086B84173D4}"
EndProject
Global
	GlobalSection(SolutionConfigurationPlatforms) = preSolution
		Debug|Any CPU = Debug|Any CPU
		Release|Any CPU = Release|Any CPU
	EndGlobalSection
	GlobalSection(ProjectConfigurationPlatforms) = postSolution
		{7A201532-C875-42F9-9BF5-B49ED1C4812A}.Debug|Any CPU.ActiveCfg = Debug|Any CPU
		{7A201532-C875-42F9-9BF5-B49ED1C4812A}.Debug|Any CPU.Build.0 = Debug|Any CPU
		{7A201532-C875-42F9-9BF5-B49ED1C4812A}.Release|Any CPU.ActiveCfg = Release|Any CPU
		{7A201532-C875-42F9-9BF5-B49ED1C4812A}.Release|Any CPU.Build.0 = Release|Any CPU
		{47431EBD-1BC8-446A-8811-FCF83680B090}.Debug|Any CPU.ActiveCfg = Debug|Any CPU
		{47431EBD-1BC8-446A-8811-FCF83680B090}.Debug|Any CPU.Build.0 = Debug|Any CPU
		{47431EBD-1BC8-446A-8811-FCF83680B090}.Release|Any CPU.ActiveCfg = Release|Any CPU
		{47431EBD-1BC8-446A-8811-FCF83680B090}.Release|Any CPU.Build.0 = Release|Any CPU
		{252FCF11-DC00-4289-8F0C-5968E76F1961}.Debug|Any CPU.ActiveCfg = Debug|Any CPU
		{252FCF11-DC00-4289-8F0C-5968E76F1961}.Debug|Any CPU.Build.0 = Debug|Any CPU
		{252FCF11-DC00-4289-8F0C-5968E76F1961}.Release|Any CPU.ActiveCfg = Release|Any CPU
		{252FCF11-DC00-4289-8F0C-5968E76F1961}.Release|Any CPU.Build.0 = Release|Any CPU
		{6F5A9CA0-8466-4058-AE62-D086B84173D4}.Debug|Any CPU.ActiveCfg = Debug|Any CPU
		{6F5A9CA0-8466-4058-AE62-D086B84173D4}.Debug|Any CPU.Build.0 = Debug|Any CPU
		{6F5A9CA0-8466-4058-AE62-D086B84173D4}.Release|Any CPU.ActiveCfg = Release|Any CPU
		{6F5A9CA0-8466-4058-AE62-D086B84173D4}.Release|Any CPU.Build.0 = Release|Any CPU
	EndGlobalSection
	GlobalSection(SolutionProperties) = preSolution
		HideSolutionNode = FALSE
	EndGlobalSection
	GlobalSection(ExtensibilityGlobals) = postSolution
		SolutionGuid = {41D9FEA4-56EE-4760-A277-47A5F5B2193D}
	EndGlobalSection
EndGlobal
